{
  "name": "eip712-signing-demo",
  "version": "1.0.0",
  "lockfileVersion": 2,
  "requires": true,
  "packages": {
    "": {
      "version": "1.0.0",
      "license": "ISC",
      "dependencies": {
        "@metamask/legacy-web3": "^2.0.0"
      }
    },
    "node_modules/@metamask/legacy-web3": {
      "version": "2.0.0",
      "resolved": "https://registry.npmjs.org/@metamask/legacy-web3/-/legacy-web3-2.0.0.tgz",
      "integrity": "sha512-hR5sbVR0wU3sXMXx2btRBKYzzTkBNTYoZbPHqqB7UARwxm9yEe9C/Y79YyciyzC9cnKetNV6s6VAwNQp5LNpLw=="
    }
  },
  "dependencies": {
    "@metamask/legacy-web3": {
      "version": "2.0.0",
      "resolved": "https://registry.npmjs.org/@metamask/legacy-web3/-/legacy-web3-2.0.0.tgz",
      "integrity": "sha512-hR5sbVR0wU3sXMXx2btRBKYzzTkBNTYoZbPHqqB7UARwxm9yEe9C/Y79YyciyzC9cnKetNV6s6VAwNQp5LNpLw=="
    }
  }
}
